[[package]]
name = "cachelib"
version = "0.4.1"
description = "A collection of cache libraries in the same API interface."
category = "main"
optional = false
python-versions = ">=3.6"

[[package]]
name = "certifi"
version = "2022.12.7"
description = "Python package for providing Mozilla's CA Bundle."
category = "main"
optional = false
python-versions = ">=3.6"

[[package]]
name = "charset-normalizer"
version = "2.1.1"
description = "The Real First Universal Charset Detector. Open, modern and actively maintained alternative to Chardet."
category = "main"
optional = false
python-versions = ">=3.6.0"

[package.extras]
unicode-backport = ["unicodedata2"]

[[package]]
name = "defusedxml"
version = "0.7.1"
description = "XML bomb protection for Python stdlib modules"
category = "main"
optional = false
python-versions = ">=2.7, !=3.0.*, !=3.1.*, !=3.2.*, !=3.3.*, !=3.4.*"

[[package]]
name = "idna"
version = "3.4"
description = "Internationalized Domain Names in Applications (IDNA)"
category = "main"
optional = false
python-versions = ">=3.5"

[[package]]
name = "isodate"
version = "0.6.1"
description = "An ISO 8601 date/time/duration parser and formatter"
category = "main"
optional = false
python-versions = "*"

[package.dependencies]
six = "*"

[[package]]
name = "lxml"
version = "4.7.0"
description = "Powerful and Pythonic XML processing library combining libxml2/libxslt with the ElementTree API."
category = "main"
optional = false
python-versions = ">=2.7, !=3.0.*, !=3.1.*, !=3.2.*, !=3.3.*, != 3.4.*"

[package.extras]
cssselect = ["cssselect (>=0.7)"]
html5 = ["html5lib"]
htmlsoup = ["BeautifulSoup4"]
source = ["Cython (>=0.29.7)"]

[[package]]
name = "markupsafe"
version = "2.1.1"
description = "Safely add untrusted strings to HTML/XML markup."
category = "main"
optional = false
python-versions = ">=3.7"

[[package]]
name = "onelogin"
version = "2.0.4"
description = "OneLogin Python SDK. Use this API client to interact with OneLogin's platform"
category = "main"
optional = false
python-versions = "*"

[package.dependencies]
defusedxml = ">=0.6.0"
python-dateutil = ">=2,<3"
requests = ">=2,<3"

[package.extras]
test = ["coverage (>=3,<6)", "mock", "pycodestyle", "pyflakes (>=1,<3)", "pylint (>=1,<3)"]

[[package]]
name = "python-dateutil"
version = "2.8.2"
description = "Extensions to the standard Python datetime module"
category = "main"
optional = false
python-versions = "!=3.0.*,!=3.1.*,!=3.2.*,>=2.7"

[package.dependencies]
six = ">=1.5"

[[package]]
name = "python3-saml"
version = "1.14.0"
description = "Onelogin Python Toolkit. Add SAML support to your Python software using this library"
category = "main"
optional = false
python-versions = "*"

[package.dependencies]
isodate = ">=0.6.1"
lxml = "<4.7.1"
xmlsec = ">=1.3.9"

[package.extras]
test = ["coverage (>=4.5.2)", "flake8 (>=3.6.0)", "freezegun (>=0.3.11,<=1.1.0)", "pylint (==1.9.4)", "pytest (>=4.6)"]

[[package]]
name = "requests"
version = "2.28.1"
description = "Python HTTP for Humans."
category = "main"
optional = false
python-versions = ">=3.7, <4"

[package.dependencies]
certifi = ">=2017.4.17"
charset-normalizer = ">=2,<3"
idna = ">=2.5,<4"
urllib3 = ">=1.21.1,<1.27"

[package.extras]
socks = ["PySocks (>=1.5.6,!=1.5.7)"]
use-chardet-on-py3 = ["chardet (>=3.0.2,<6)"]

[[package]]
name = "six"
version = "1.16.0"
description = "Python 2 and 3 compatibility utilities"
category = "main"
optional = false
python-versions = ">=2.7, !=3.0.*, !=3.1.*, !=3.2.*"

[[package]]
name = "urllib3"
version = "1.26.12"
description = "HTTP library with thread-safe connection pooling, file post, and more."
category = "main"
optional = false
python-versions = ">=2.7, !=3.0.*, !=3.1.*, !=3.2.*, !=3.3.*, !=3.4.*, !=3.5.*, <4"

[package.extras]
brotli = ["brotli (>=1.0.9)", "brotlicffi (>=0.8.0)", "brotlipy (>=0.6.0)"]
secure = ["certifi", "cryptography (>=1.3.4)", "idna (>=2.0.0)", "ipaddress", "pyOpenSSL (>=0.14)", "urllib3-secure-extra"]
socks = ["PySocks (>=1.5.6,!=1.5.7,<2.0)"]

[[package]]
name = "uw-saml"
version = "1.2.0"
description = "A UW-specific adapter to the python3-saml package."
category = "main"
optional = false
python-versions = ">=3.7,<4.0"

[package.dependencies]
cachelib = ">=0.4.1,<0.5.0"
onelogin = ">=2.0.3,<3.0.0"
python3-saml = {version = ">=1.14.0,<2.0.0", optional = true, markers = "extra == \"python3-saml\""}
Werkzeug = ">=2.0.2,<3.0.0"

[package.extras]
python3-saml = ["python3-saml (>=1.14.0,<2.0.0)"]

[[package]]
name = "werkzeug"
version = "2.2.2"
description = "The comprehensive WSGI web application library."
category = "main"
optional = false
python-versions = ">=3.7"

[package.dependencies]
MarkupSafe = ">=2.1.1"

[package.extras]
watchdog = ["watchdog"]

[[package]]
name = "xmlsec"
version = "1.3.13"
description = "Python bindings for the XML Security Library"
category = "main"
optional = false
python-versions = ">=3.5"

[package.dependencies]
lxml = ">=3.8"

[metadata]
lock-version = "1.1"
python-versions = "^3.8"
content-hash = "2d43fcec7a879d17c0fa5bee9628cb351e1f72f593e7873bd4d453969555854e"

[metadata.files]
cachelib = [
    {file = "cachelib-0.4.1-py3-none-any.whl", hash = "sha256:b766ce83499652b1c7bf3fb09fedc26121533bf21249e8a9927f39445b939430"},
    {file = "cachelib-0.4.1.tar.gz", hash = "sha256:68e27dae1bb73ba02071f1cf413111d96f8175fd37176f35a5ccb9bdf6848c5c"},
]
certifi = [
    {file = "certifi-2022.12.7-py3-none-any.whl", hash = "sha256:4ad3232f5e926d6718ec31cfc1fcadfde020920e278684144551c91769c7bc18"},
    {file = "certifi-2022.12.7.tar.gz", hash = "sha256:35824b4c3a97115964b408844d64aa14db1cc518f6562e8d7261699d1350a9e3"},
]
charset-normalizer = [
    {file = "charset-normalizer-2.1.1.tar.gz", hash = "sha256:5a3d016c7c547f69d6f81fb0db9449ce888b418b5b9952cc5e6e66843e9dd845"},
    {file = "charset_normalizer-2.1.1-py3-none-any.whl", hash = "sha256:83e9a75d1911279afd89352c68b45348559d1fc0506b054b346651b5e7fee29f"},
]
defusedxml = [
    {file = "defusedxml-0.7.1-py2.py3-none-any.whl", hash = "sha256:a352e7e428770286cc899e2542b6cdaedb2b4953ff269a210103ec58f6198a61"},
    {file = "defusedxml-0.7.1.tar.gz", hash = "sha256:1bb3032db185915b62d7c6209c5a8792be6a32ab2fedacc84e01b52c51aa3e69"},
]
idna = [
    {file = "idna-3.4-py3-none-any.whl", hash = "sha256:90b77e79eaa3eba6de819a0c442c0b4ceefc341a7a2ab77d7562bf49f425c5c2"},
    {file = "idna-3.4.tar.gz", hash = "sha256:814f528e8dead7d329833b91c5faa87d60bf71824cd12a7530b5526063d02cb4"},
]
isodate = [
    {file = "isodate-0.6.1-py2.py3-none-any.whl", hash = "sha256:0751eece944162659049d35f4f549ed815792b38793f07cf73381c1c87cbed96"},
    {file = "isodate-0.6.1.tar.gz", hash = "sha256:48c5881de7e8b0a0d648cb024c8062dc84e7b840ed81e864c7614fd3c127bde9"},
]
lxml = [
    {file = "lxml-4.7.0-cp27-cp27m-macosx_10_14_x86_64.whl", hash = "sha256:fd2d46aa9f379553ff30fd915f039c0296837e99b91e75e77f36a0819331a724"},
    {file = "lxml-4.7.0-cp27-cp27m-manylinux_2_5_i686.manylinux1_i686.whl", hash = "sha256:b584fa08ff85e441c70ea8310e274eda0b6fb522a86679d07839737629c0b891"},
    {file = "lxml-4.7.0-cp27-cp27m-manylinux_2_5_x86_64.manylinux1_x86_64.whl", hash = "sha256:ea4afc8ce0cb23eb25510518ea1d8152863f5349324c7c7b6117e1a26aa6596b"},
    {file = "lxml-4.7.0-cp27-cp27m-win32.whl", hash = "sha256:439523c34ef398d84a5b05e5c565ef0b78ebf8dc1b44c07f93bde9f2294a49af"},
    {file = "lxml-4.7.0-cp27-cp27m-win_amd64.whl", hash = "sha256:0047e8a29a790c2b68b9c7779f00809aef10f5da1c4f40bcf517dffd270ad1c4"},
    {file = "lxml-4.7.0-cp27-cp27mu-manylinux_2_5_i686.manylinux1_i686.whl", hash = "sha256:36e5b430a09be6eeb05c37c3c3af6c328da4ce4cca34720b0994e44c13c777f8"},
    {file = "lxml-4.7.0-cp27-cp27mu-manylinux_2_5_x86_64.manylinux1_x86_64.whl", hash = "sha256:19f612e977fc427b4bf7481deac95e7137dc11b69db83270095fdf2c381282a2"},
    {file = "lxml-4.7.0-cp310-cp310-macosx_10_14_x86_64.whl", hash = "sha256:97b01bf5c633caf764270e1e9607c926c28a2e368fe4619031e03bfc7c2688c1"},
    {file = "lxml-4.7.0-cp310-cp310-manylinux_2_12_i686.manylinux2010_i686.manylinux_2_24_i686.whl", hash = "sha256:7e8df94e0676cc16fbbc35d34fef37a9767fe0b422b5897c116a46be29092790"},
    {file = "lxml-4.7.0-cp310-cp310-manylinux_2_17_aarch64.manylinux2014_aarch64.manylinux_2_24_aarch64.whl", hash = "sha256:c5ce51bd0d0a14f4030142e39e8a223c3bda349a9b50e4e7315c661a2a50ceef"},
    {file = "lxml-4.7.0-cp310-cp310-manylinux_2_17_x86_64.manylinux2014_x86_64.manylinux_2_24_x86_64.whl", hash = "sha256:4d4e2396904c140684017789f961093153898cf9c4debde3ebb15e022c6c04dd"},
    {file = "lxml-4.7.0-cp310-cp310-musllinux_1_1_x86_64.whl", hash = "sha256:2ce2941c21d4144bbcd8c182d89e09b15f36805533977f363122bed282fb1879"},
    {file = "lxml-4.7.0-cp310-cp310-win32.whl", hash = "sha256:e583c48dc85495d1055a9955e525d91ea27bb893e871702366e5f2d689ed2438"},
    {file = "lxml-4.7.0-cp310-cp310-win_amd64.whl", hash = "sha256:4bbefbcedb29c7da21919c4768415be87d07d5715d571f190829fa39b76952bf"},
    {file = "lxml-4.7.0-cp35-cp35m-manylinux_2_5_i686.manylinux1_i686.whl", hash = "sha256:fb18f094a76443fef65ef88e97ea92f2642632651a29757c7df8aaafd84e5ffc"},
    {file = "lxml-4.7.0-cp35-cp35m-manylinux_2_5_x86_64.manylinux1_x86_64.whl", hash = "sha256:4bb5ce9a38e19817236313bfe5ee3bb016a18c295b5d7f4215401e79dacdace4"},
    {file = "lxml-4.7.0-cp35-cp35m-win32.whl", hash = "sha256:44d54f07001499a86c5a73129b18368d8a32370616396a500752f0a1dae8a158"},
    {file = "lxml-4.7.0-cp35-cp35m-win_amd64.whl", hash = "sha256:5f537b95d8319d398625776318c7597249d268d450329bff4bb520f1a2a72306"},
    {file = "lxml-4.7.0-cp36-cp36m-macosx_10_14_x86_64.whl", hash = "sha256:9f459c3754c24c85d82072e14ace8db6d819e07ba2895505d7a5ea248c6763ec"},
    {file = "lxml-4.7.0-cp36-cp36m-manylinux_2_12_i686.manylinux2010_i686.manylinux_2_24_i686.whl", hash = "sha256:371ce1402b6793ef30e3d6cf2c9908869bc397e950de18d0a6ab74ce1b62ed65"},
    {file = "lxml-4.7.0-cp36-cp36m-manylinux_2_17_x86_64.manylinux2014_x86_64.manylinux_2_24_x86_64.whl", hash = "sha256:c6b3c38e58c1b9ea6045b16dc4cafe7bd2228ab8830d9ad52612748719525987"},
    {file = "lxml-4.7.0-cp36-cp36m-manylinux_2_5_i686.manylinux1_i686.whl", hash = "sha256:c0325c86e36f9d910c934d401e250d62bbe5e8c5c808241fc85795c8ba396d54"},
    {file = "lxml-4.7.0-cp36-cp36m-manylinux_2_5_x86_64.manylinux1_x86_64.whl", hash = "sha256:1ba471105c13d83cda86901803887edff52b844ca2eb7e9fe2c7380eebce2bcb"},
    {file = "lxml-4.7.0-cp36-cp36m-musllinux_1_1_x86_64.whl", hash = "sha256:a11fd3b9d9b4a351acc9a5b532b652d1d8fc047cd873b7c3f44cf6366fab7feb"},
    {file = "lxml-4.7.0-cp36-cp36m-win32.whl", hash = "sha256:cf86e0fe5b4bd42f4d4c5ac3aea05fcbfbd887f2819e3d4449c586ac81b8258b"},
    {file = "lxml-4.7.0-cp36-cp36m-win_amd64.whl", hash = "sha256:aed1bb00c9d0ac06219c3c048783b6e26d21879f702ce8ddf6de8389a978f587"},
    {file = "lxml-4.7.0-cp37-cp37m-macosx_10_14_x86_64.whl", hash = "sha256:7724404e1d6b753ffaed977130672ecda5a7556d5c2037177fa3571caa559162"},
    {file = "lxml-4.7.0-cp37-cp37m-manylinux_2_12_i686.manylinux2010_i686.manylinux_2_24_i686.whl", hash = "sha256:777375057259858ec1b937a229cc3498d2995bb04a2d2c424bbfee35264d7a9b"},
    {file = "lxml-4.7.0-cp37-cp37m-manylinux_2_17_aarch64.manylinux2014_aarch64.manylinux_2_24_aarch64.whl", hash = "sha256:57e2dbf5730fde9211e32229748ce6f9a0685f1a3dcba76c71cc6e3133a0d61e"},
    {file = "lxml-4.7.0-cp37-cp37m-manylinux_2_17_x86_64.manylinux2014_x86_64.manylinux_2_24_x86_64.whl", hash = "sha256:2587638cd870e653708950752562c7636303c76571d34568a98367eee1e92b63"},
    {file = "lxml-4.7.0-cp37-cp37m-manylinux_2_5_i686.manylinux1_i686.whl", hash = "sha256:7a549d044e0d93feff8b9422063c2f4a4b3841cf8c61b5442d6745f82c3c2bcc"},
    {file = "lxml-4.7.0-cp37-cp37m-manylinux_2_5_x86_64.manylinux1_x86_64.whl", hash = "sha256:d34f99446b769a7adab3e9589dbc92465b565d8409795d2b63323489229564c7"},
    {file = "lxml-4.7.0-cp37-cp37m-musllinux_1_1_x86_64.whl", hash = "sha256:81a14f9819b2edea3da441c0deff8d41410fd4ba16ed57ab59171b9745c7571e"},
    {file = "lxml-4.7.0-cp37-cp37m-win32.whl", hash = "sha256:c71b82c6fd4bbfffeb8f15efd966fe1afcf680711c5939277644ab1462970f9c"},
    {file = "lxml-4.7.0-cp37-cp37m-win_amd64.whl", hash = "sha256:021c9a72d3ff5f6180cf2d427e88a688bb21ccb68cedf5cd11669cd22dc38ce4"},
    {file = "lxml-4.7.0-cp38-cp38-macosx_10_14_x86_64.whl", hash = "sha256:81f42f00061e7a7c19502ecfde7b6838a7ab971631b803eccfa05314fdeff406"},
    {file = "lxml-4.7.0-cp38-cp38-manylinux_2_12_i686.manylinux2010_i686.manylinux_2_24_i686.whl", hash = "sha256:27898b2f73bc1766365ca675324ed17f1846c779077b97e7f91fcb6042ec5ae6"},
    {file = "lxml-4.7.0-cp38-cp38-manylinux_2_17_aarch64.manylinux2014_aarch64.manylinux_2_24_aarch64.whl", hash = "sha256:7456b8abc591e4ab3050d3c93e87f3fb9381b8e28b66238927bab6ed998e71d6"},
    {file = "lxml-4.7.0-cp38-cp38-manylinux_2_17_x86_64.manylinux2014_x86_64.manylinux_2_24_x86_64.whl", hash = "sha256:47f45efe78cb54bfab510309ee13c42c02ce1c3fa57cd12aecd14eba5c85ea3b"},
    {file = "lxml-4.7.0-cp38-cp38-manylinux_2_5_i686.manylinux1_i686.whl", hash = "sha256:f5a58b91f1125b17d52a4a1f2dd3da8cf5b38f905cb6def93c9bac9002aaefc1"},
    {file = "lxml-4.7.0-cp38-cp38-manylinux_2_5_x86_64.manylinux1_x86_64.whl", hash = "sha256:ba9f260d3a7ca44f8730ed861bbbf68d6c1fa0c55c7633c9f8cf98282c06dea7"},
    {file = "lxml-4.7.0-cp38-cp38-musllinux_1_1_x86_64.whl", hash = "sha256:f79ca2c0cf88b6547b11c2c3225f1b56ef356cd58cd634e5b70afef2bdf939d7"},
    {file = "lxml-4.7.0-cp38-cp38-win32.whl", hash = "sha256:7f6cd37bf8de4ea2bd462aa9faadd1b45a36bb168819e88174dfd15d091eae81"},
    {file = "lxml-4.7.0-cp38-cp38-win_amd64.whl", hash = "sha256:6c9e7bf6af3a9aede4c8c0085d2148864356f86df70c0fd06c7c267e9df0b1f1"},
    {file = "lxml-4.7.0-cp39-cp39-macosx_10_14_x86_64.whl", hash = "sha256:346a5e0cb80eeb521bac45a1275bf6a4aebcb82661798c12f8484d59394997e5"},
    {file = "lxml-4.7.0-cp39-cp39-manylinux_2_12_i686.manylinux2010_i686.manylinux_2_24_i686.whl", hash = "sha256:0149f08c30e210d2e2dad6bc67792ed051492d2ff72a5a24778a782c2d0c6656"},
    {file = "lxml-4.7.0-cp39-cp39-manylinux_2_17_aarch64.manylinux2014_aarch64.manylinux_2_24_aarch64.whl", hash = "sha256:40bfc495e26565776f938103900b22ed658f1d2a155b4556ac3628f8eb0ddfb7"},
    {file = "lxml-4.7.0-cp39-cp39-manylinux_2_17_x86_64.manylinux2014_x86_64.manylinux_2_24_x86_64.whl", hash = "sha256:6faf1afdf5a980dceac217305b0088685756eaae964b1958d0d54ba3ae121c84"},
    {file = "lxml-4.7.0-cp39-cp39-manylinux_2_5_i686.manylinux1_i686.whl", hash = "sha256:dfbbdd8684fbf155febdea2c3a68380f38c099aba75eec638f94f9601708ce19"},
    {file = "lxml-4.7.0-cp39-cp39-manylinux_2_5_x86_64.manylinux1_x86_64.whl", hash = "sha256:7018c2bbd5f5b7649a63a856e57f9d5e15bec09db9284c08a118d8a5770db3f3"},
    {file = "lxml-4.7.0-cp39-cp39-musllinux_1_1_x86_64.whl", hash = "sha256:f8ca5d8fc76410e20ef0cf61d6d708f8bbc9c6b280124ca923709fdb26db9ed7"},
    {file = "lxml-4.7.0-cp39-cp39-win32.whl", hash = "sha256:4da3ebc23da068d32ed777706d3202862d669e6b86af136453d9142ccf579422"},
    {file = "lxml-4.7.0-cp39-cp39-win_amd64.whl", hash = "sha256:eb43de3bab1d97d9e3ec5a80e574ee9882430c15bde83be38c70031a56899f20"},
    {file = "lxml-4.7.0-pp37-pypy37_pp73-macosx_10_14_x86_64.whl", hash = "sha256:1561b518e7236bb7be47fa1694944113c852f336358f0e74128e3cb524edd887"},
    {file = "lxml-4.7.0-pp37-pypy37_pp73-manylinux_2_12_i686.manylinux2010_i686.manylinux_2_24_i686.whl", hash = "sha256:4c6b33d698afcf0fd96db1eb1e41a5faadb75bb4b42c839bf0e7b327d410cfbd"},
    {file = "lxml-4.7.0-pp37-pypy37_pp73-manylinux_2_17_x86_64.manylinux2014_x86_64.manylinux_2_24_x86_64.whl", hash = "sha256:da583328a576434e1f827d72e3435a3c6fcaf52902d8db207b93915e2816a144"},
    {file = "lxml-4.7.0-pp38-pypy38_pp73-macosx_10_14_x86_64.whl", hash = "sha256:8db20b9b4ea7669d6d35c96427c686b1de6e3f614bf4371121b05df4fb10d4de"},
    {file = "lxml-4.7.0-pp38-pypy38_pp73-manylinux_2_12_i686.manylinux2010_i686.manylinux_2_24_i686.whl", hash = "sha256:de4f955b867d4b4dc4141be264c9e1d54d647a0cbf261bdfde14a730758588f4"},
    {file = "lxml-4.7.0-pp38-pypy38_pp73-manylinux_2_17_x86_64.manylinux2014_x86_64.manylinux_2_24_x86_64.whl", hash = "sha256:799ca6d0b9f0bd5c365f7be6240fbfce24d7098021edc42b434dda39970308e3"},
    {file = "lxml-4.7.0.tar.gz", hash = "sha256:543fcbf500b95568d0944d28677fb9cd076d80876f90aa0cbba09040418924f8"},
]
markupsafe = [
    {file = "MarkupSafe-2.1.1-cp310-cp310-macosx_10_9_universal2.whl", hash = "sha256:86b1f75c4e7c2ac2ccdaec2b9022845dbb81880ca318bb7a0a01fbf7813e3812"},
    {file = "MarkupSafe-2.1.1-cp310-cp310-macosx_10_9_x86_64.whl", hash = "sha256:f121a1420d4e173a5d96e47e9a0c0dcff965afdf1626d28de1460815f7c4ee7a"},
    {file = "MarkupSafe-2.1.1-cp310-cp310-manylinux_2_17_aarch64.manylinux2014_aarch64.whl", hash = "sha256:a49907dd8420c5685cfa064a1335b6754b74541bbb3706c259c02ed65b644b3e"},
    {file = "MarkupSafe-2.1.1-cp310-cp310-manylinux_2_17_x86_64.manylinux2014_x86_64.whl", hash = "sha256:10c1bfff05d95783da83491be968e8fe789263689c02724e0c691933c52994f5"},
    {file = "MarkupSafe-2.1.1-cp310-cp310-manylinux_2_5_i686.manylinux1_i686.manylinux_2_17_i686.manylinux2014_i686.whl", hash = "sha256:b7bd98b796e2b6553da7225aeb61f447f80a1ca64f41d83612e6139ca5213aa4"},
    {file = "MarkupSafe-2.1.1-cp310-cp310-musllinux_1_1_aarch64.whl", hash = "sha256:b09bf97215625a311f669476f44b8b318b075847b49316d3e28c08e41a7a573f"},
    {file = "MarkupSafe-2.1.1-cp310-cp310-musllinux_1_1_i686.whl", hash = "sha256:694deca8d702d5db21ec83983ce0bb4b26a578e71fbdbd4fdcd387daa90e4d5e"},
    {file = "MarkupSafe-2.1.1-cp310-cp310-musllinux_1_1_x86_64.whl", hash = "sha256:efc1913fd2ca4f334418481c7e595c00aad186563bbc1ec76067848c7ca0a933"},
    {file = "MarkupSafe-2.1.1-cp310-cp310-win32.whl", hash = "sha256:4a33dea2b688b3190ee12bd7cfa29d39c9ed176bda40bfa11099a3ce5d3a7ac6"},
    {file = "MarkupSafe-2.1.1-cp310-cp310-win_amd64.whl", hash = "sha256:dda30ba7e87fbbb7eab1ec9f58678558fd9a6b8b853530e176eabd064da81417"},
    {file = "MarkupSafe-2.1.1-cp37-cp37m-macosx_10_9_x86_64.whl", hash = "sha256:671cd1187ed5e62818414afe79ed29da836dde67166a9fac6d435873c44fdd02"},
    {file = "MarkupSafe-2.1.1-cp37-cp37m-manylinux_2_17_aarch64.manylinux2014_aarch64.whl", hash = "sha256:3799351e2336dc91ea70b034983ee71cf2f9533cdff7c14c90ea126bfd95d65a"},
    {file = "MarkupSafe-2.1.1-cp37-cp37m-manylinux_2_17_x86_64.manylinux2014_x86_64.whl", hash = "sha256:e72591e9ecd94d7feb70c1cbd7be7b3ebea3f548870aa91e2732960fa4d57a37"},
    {file = "MarkupSafe-2.1.1-cp37-cp37m-manylinux_2_5_i686.manylinux1_i686.manylinux_2_17_i686.manylinux2014_i686.whl", hash = "sha256:6fbf47b5d3728c6aea2abb0589b5d30459e369baa772e0f37a0320185e87c980"},
    {file = "MarkupSafe-2.1.1-cp37-cp37m-musllinux_1_1_aarch64.whl", hash = "sha256:d5ee4f386140395a2c818d149221149c54849dfcfcb9f1debfe07a8b8bd63f9a"},
    {file = "MarkupSafe-2.1.1-cp37-cp37m-musllinux_1_1_i686.whl", hash = "sha256:bcb3ed405ed3222f9904899563d6fc492ff75cce56cba05e32eff40e6acbeaa3"},
    {file = "MarkupSafe-2.1.1-cp37-cp37m-musllinux_1_1_x86_64.whl", hash = "sha256:e1c0b87e09fa55a220f058d1d49d3fb8df88fbfab58558f1198e08c1e1de842a"},
    {file = "MarkupSafe-2.1.1-cp37-cp37m-win32.whl", hash = "sha256:8dc1c72a69aa7e082593c4a203dcf94ddb74bb5c8a731e4e1eb68d031e8498ff"},
    {file = "MarkupSafe-2.1.1-cp37-cp37m-win_amd64.whl", hash = "sha256:97a68e6ada378df82bc9f16b800ab77cbf4b2fada0081794318520138c088e4a"},
    {file = "MarkupSafe-2.1.1-cp38-cp38-macosx_10_9_universal2.whl", hash = "sha256:e8c843bbcda3a2f1e3c2ab25913c80a3c5376cd00c6e8c4a86a89a28c8dc5452"},
    {file = "MarkupSafe-2.1.1-cp38-cp38-macosx_10_9_x86_64.whl", hash = "sha256:0212a68688482dc52b2d45013df70d169f542b7394fc744c02a57374a4207003"},
    {file = "MarkupSafe-2.1.1-cp38-cp38-manylinux_2_17_aarch64.manylinux2014_aarch64.whl", hash = "sha256:8e576a51ad59e4bfaac456023a78f6b5e6e7651dcd383bcc3e18d06f9b55d6d1"},
    {file = "MarkupSafe-2.1.1-cp38-cp38-manylinux_2_17_x86_64.manylinux2014_x86_64.whl", hash = "sha256:4b9fe39a2ccc108a4accc2676e77da025ce383c108593d65cc909add5c3bd601"},
    {file = "MarkupSafe-2.1.1-cp38-cp38-manylinux_2_5_i686.manylinux1_i686.manylinux_2_17_i686.manylinux2014_i686.whl", hash = "sha256:96e37a3dc86e80bf81758c152fe66dbf60ed5eca3d26305edf01892257049925"},
    {file = "MarkupSafe-2.1.1-cp38-cp38-musllinux_1_1_aarch64.whl", hash = "sha256:6d0072fea50feec76a4c418096652f2c3238eaa014b2f94aeb1d56a66b41403f"},
    {file = "MarkupSafe-2.1.1-cp38-cp38-musllinux_1_1_i686.whl", hash = "sha256:089cf3dbf0cd6c100f02945abeb18484bd1ee57a079aefd52cffd17fba910b88"},
    {file = "MarkupSafe-2.1.1-cp38-cp38-musllinux_1_1_x86_64.whl", hash = "sha256:6a074d34ee7a5ce3effbc526b7083ec9731bb3cbf921bbe1d3005d4d2bdb3a63"},
    {file = "MarkupSafe-2.1.1-cp38-cp38-win32.whl", hash = "sha256:421be9fbf0ffe9ffd7a378aafebbf6f4602d564d34be190fc19a193232fd12b1"},
    {file = "MarkupSafe-2.1.1-cp38-cp38-win_amd64.whl", hash = "sha256:fc7b548b17d238737688817ab67deebb30e8073c95749d55538ed473130ec0c7"},
    {file = "MarkupSafe-2.1.1-cp39-cp39-macosx_10_9_universal2.whl", hash = "sha256:e04e26803c9c3851c931eac40c695602c6295b8d432cbe78609649ad9bd2da8a"},
    {file = "MarkupSafe-2.1.1-cp39-cp39-macosx_10_9_x86_64.whl", hash = "sha256:b87db4360013327109564f0e591bd2a3b318547bcef31b468a92ee504d07ae4f"},
    {file = "MarkupSafe-2.1.1-cp39-cp39-manylinux_2_17_aarch64.manylinux2014_aarch64.whl", hash = "sha256:99a2a507ed3ac881b975a2976d59f38c19386d128e7a9a18b7df6fff1fd4c1d6"},
    {file = "MarkupSafe-2.1.1-cp39-cp39-manylinux_2_17_x86_64.manylinux2014_x86_64.whl", hash = "sha256:56442863ed2b06d19c37f94d999035e15ee982988920e12a5b4ba29b62ad1f77"},
    {file = "MarkupSafe-2.1.1-cp39-cp39-manylinux_2_5_i686.manylinux1_i686.manylinux_2_17_i686.manylinux2014_i686.whl", hash = "sha256:3ce11ee3f23f79dbd06fb3d63e2f6af7b12db1d46932fe7bd8afa259a5996603"},
    {file = "MarkupSafe-2.1.1-cp39-cp39-musllinux_1_1_aarch64.whl", hash = "sha256:33b74d289bd2f5e527beadcaa3f401e0df0a89927c1559c8566c066fa4248ab7"},
    {file = "MarkupSafe-2.1.1-cp39-cp39-musllinux_1_1_i686.whl", hash = "sha256:43093fb83d8343aac0b1baa75516da6092f58f41200907ef92448ecab8825135"},
    {file = "MarkupSafe-2.1.1-cp39-cp39-musllinux_1_1_x86_64.whl", hash = "sha256:8e3dcf21f367459434c18e71b2a9532d96547aef8a871872a5bd69a715c15f96"},
    {file = "MarkupSafe-2.1.1-cp39-cp39-win32.whl", hash = "sha256:d4306c36ca495956b6d568d276ac11fdd9c30a36f1b6eb928070dc5360b22e1c"},
    {file = "MarkupSafe-2.1.1-cp39-cp39-win_amd64.whl", hash = "sha256:46d00d6cfecdde84d40e572d63735ef81423ad31184100411e6e3388d405e247"},
    {file = "MarkupSafe-2.1.1.tar.gz", hash = "sha256:7f91197cc9e48f989d12e4e6fbc46495c446636dfc81b9ccf50bb0ec74b91d4b"},
]
onelogin = [
    {file = "onelogin-2.0.4-py2-none-any.whl", hash = "sha256:a93423819ab60cfd160bef88eadeec17558eabfb6884a127ee9284d25fb7cfc9"},
    {file = "onelogin-2.0.4-py3-none-any.whl", hash = "sha256:1f7fd4d94b62d8a5fefc2731f48ab4b4828ab06cab0a21f6a6db584be625962a"},
    {file = "onelogin-2.0.4.tar.gz", hash = "sha256:09be9da0e9cfcac610f3c94e46e204af623bc1eded18a691bba52322ef09cda5"},
]
python-dateutil = [
    {file = "python-dateutil-2.8.2.tar.gz", hash = "sha256:0123cacc1627ae19ddf3c27a5de5bd67ee4586fbdd6440d9748f8abb483d3e86"},
    {file = "python_dateutil-2.8.2-py2.py3-none-any.whl", hash = "sha256:961d03dc3453ebbc59dbdea9e4e11c5651520a876d0f4db161e8674aae935da9"},
]
python3-saml = [
    {file = "python3-saml-1.14.0.tar.gz", hash = "sha256:e8d04f06549b30e29f9f1d6787faf67558c19f7ed2f3cc0656abb169c8240bc9"},
    {file = "python3_saml-1.14.0-py2-none-any.whl", hash = "sha256:c18913fa1d92b0db01e2b15fd9a0c7e21805aa5b19492dc33969b8751826e888"},
    {file = "python3_saml-1.14.0-py3-none-any.whl", hash = "sha256:0e886f5f2d9caf93972a34de72ae2302f4c44bc71472a567cb234e2ab96d91e3"},
]
requests = [
    {file = "requests-2.28.1-py3-none-any.whl", hash = "sha256:8fefa2a1a1365bf5520aac41836fbee479da67864514bdb821f31ce07ce65349"},
    {file = "requests-2.28.1.tar.gz", hash = "sha256:7c5599b102feddaa661c826c56ab4fee28bfd17f5abca1ebbe3e7f19d7c97983"},
]
six = [
    {file = "six-1.16.0-py2.py3-none-any.whl", hash = "sha256:8abb2f1d86890a2dfb989f9a77cfcfd3e47c2a354b01111771326f8aa26e0254"},
    {file = "six-1.16.0.tar.gz", hash = "sha256:1e61c37477a1626458e36f7b1d82aa5c9b094fa4802892072e49de9c60c4c926"},
]
urllib3 = [
    {file = "urllib3-1.26.12-py2.py3-none-any.whl", hash = "sha256:b930dd878d5a8afb066a637fbb35144fe7901e3b209d1cd4f524bd0e9deee997"},
    {file = "urllib3-1.26.12.tar.gz", hash = "sha256:3fa96cf423e6987997fc326ae8df396db2a8b7c667747d47ddd8ecba91f4a74e"},
]
uw-saml = [
    {file = "uw-saml-1.2.0.tar.gz", hash = "sha256:3e7787beca723f7087957d32bd2bffc1776f7bc4af191bd241c99fa7cccf3a91"},
    {file = "uw_saml-1.2.0-py3-none-any.whl", hash = "sha256:374925bfd88ba1e6f378de6524d88e616d9d24d51c8f535615b167ee7dd675e3"},
]
werkzeug = [
    {file = "Werkzeug-2.2.2-py3-none-any.whl", hash = "sha256:f979ab81f58d7318e064e99c4506445d60135ac5cd2e177a2de0089bfd4c9bd5"},
    {file = "Werkzeug-2.2.2.tar.gz", hash = "sha256:7ea2d48322cc7c0f8b3a215ed73eabd7b5d75d0b50e31ab006286ccff9e00b8f"},
]
xmlsec = [
    {file = "xmlsec-1.3.13-cp310-cp310-win32.whl", hash = "sha256:2174e8c88555383322d8b7d3927490a92ef72ad72a6ddaf4fa1b96a3f27c3e90"},
    {file = "xmlsec-1.3.13-cp310-cp310-win_amd64.whl", hash = "sha256:46d1daf16a8f4430efca5bb9c6a15776f2671f69f48a1941d6bb335e6f8cb29d"},
    {file = "xmlsec-1.3.13-cp35-cp35m-win32.whl", hash = "sha256:d47062c42775a025aa94fb8b15de97c1db86e301e549d3168157e0b1223d51b1"},
    {file = "xmlsec-1.3.13-cp35-cp35m-win_amd64.whl", hash = "sha256:7c7e8ef52688ddaf5b66750cc8d901f61716f46727014ff012f41d8858cedeb0"},
    {file = "xmlsec-1.3.13-cp36-cp36m-win32.whl", hash = "sha256:1725d70ee2bb2cd8dd66c7a7451be02bb59dc8280103db4f68e731f00135b1e0"},
    {file = "xmlsec-1.3.13-cp36-cp36m-win_amd64.whl", hash = "sha256:1f8c41162152d7086fd459926e61bc7cb2d52ffc829e760bf8b2c221a645d568"},
    {file = "xmlsec-1.3.13-cp37-cp37m-win32.whl", hash = "sha256:ff1c61f296e75cba5bac802d0000bfde09143eed946ced1a5162211867c335f8"},
    {file = "xmlsec-1.3.13-cp37-cp37m-win_amd64.whl", hash = "sha256:d249c0a2bf3ff13a231bca6a588e7d276b3f1e2cf09316b542f470a63855799e"},
    {file = "xmlsec-1.3.13-cp38-cp38-win32.whl", hash = "sha256:56cfcf3487b6ad269eb1fb543c04dee2c101f1bc91e06d6cf7bfab9ac486efd8"},
    {file = "xmlsec-1.3.13-cp38-cp38-win_amd64.whl", hash = "sha256:e6626bece0e97a8598b5df28c27bc6f2ae1e97d29dca3c1a4910a7598a4d1d0f"},
    {file = "xmlsec-1.3.13-cp39-cp39-win32.whl", hash = "sha256:091f23765729df6f3b3a55c8a6a96f9c713fa86e76b86a19cdb756aaa6dc0646"},
    {file = "xmlsec-1.3.13-cp39-cp39-win_amd64.whl", hash = "sha256:5162f416179350587c4ff64737af68a846a9b86f95fd465df4e68b589ce56618"},
    {file = "xmlsec-1.3.13.tar.gz", hash = "sha256:916f5d78e8041f6cd9391abba659da8c94a4fef7196d126d40af1ff417f2cf86"},
]
